{
 "name": "@rexrupam/resume",
 "version": "1.0.9",
 "lockfileVersion": 3,
 "requires": true,
 "packages": {
  "": {
   "name": "@rexrupam/resume",
   "version": "1.0.9",
   "license": "ISC",
   "dependencies": {
    "@rexrupam/resume": "^1.0.9"
   },
   "bin": {
    "rexrupam": "src/index.js"
   }
  },
  "node_modules/@rexrupam/resume": {
   "version": "1.0.9",
   "resolved": "https://registry.npmjs.org/@rexrupam/resume/-/resume-1.0.9.tgz",
   "integrity": "sha512-n6XPMJoZZoTeB4sMpqXzll4RVA+5n/9nDLCXPa0Al8WTMspw+ng6zfWyDXrRGGC1rvZZYS5EhyIfVJvGtslDhQ==",
   "bin": {
    "rexrupam": "src/index.js"
   }
  }
 }
}
